// !$*UTF8*$!
{
	archiveVersion = 1;
	classes = {
	};
	objectVersion = 50;
	objects = {

/* Begin PBXBuildFile section */
		BA6D249723539E93009A1002 /* AppDelegate.swift in Sources */ = {isa = PBXBuildFile; fileRef = BA6D249623539E93009A1002 /* AppDelegate.swift */; };
		BA6D249923539E93009A1002 /* SceneDelegate.swift in Sources */ = {isa = PBXBuildFile; fileRef = BA6D249823539E93009A1002 /* SceneDelegate.swift */; };
		BA6D249B23539E93009A1002 /* ViewController.swift in Sources */ = {isa = PBXBuildFile; fileRef = BA6D249A23539E93009A1002 /* ViewController.swift */; };
		BA6D249E23539E93009A1002 /* Main.storyboard in Resources */ = {isa = PBXBuildFile; fileRef = BA6D249C23539E93009A1002 /* Main.storyboard */; };
		BA6D24A023539E9B009A1002 /* Assets.xcassets in Resources */ = {isa = PBXBuildFile; fileRef = BA6D249F23539E9B009A1002 /* Assets.xcassets */; };
		BA6D24A323539E9B009A1002 /* LaunchScreen.storyboard in Resources */ = {isa = PBXBuildFile; fileRef = BA6D24A123539E9B009A1002 /* LaunchScreen.storyboard */; };
		BA6D24AE23539E9B009A1002 /* newSngTests.swift in Sources */ = {isa = PBXBuildFile; fileRef = BA6D24AD23539E9B009A1002 /* newSngTests.swift */; };
		BA6D24B923539E9B009A1002 /* newSngUITests.swift in Sources */ = {isa = PBXBuildFile; fileRef = BA6D24B823539E9B009A1002 /* newSngUITests.swift */; };
		BA6D24C72353A2EF009A1002 /* da.bundle in Resources */ = {isa = PBXBuildFile; fileRef = BA6D24C62353A2EE009A1002 /* da.bundle */; };
/* End PBXBuildFile section */

/* Begin PBXContainerItemProxy section */
		BA6D24AA23539E9B009A1002 /* PBXContainerItemProxy */ = {
			isa = PBXContainerItemProxy;
			containerPortal = BA6D248B23539E93009A1002 /* Project object */;
			proxyType = 1;
			remoteGlobalIDString = BA6D249223539E93009A1002;
			remoteInfo = newSng;
		};
		BA6D24B523539E9B009A1002 /* PBXContainerItemProxy */ = {
			isa = PBXContainerItemProxy;
			containerPortal = BA6D248B23539E93009A1002 /* Project object */;
			proxyType = 1;
			remoteGlobalIDString = BA6D249223539E93009A1002;
			remoteInfo = newSng;
		};
/* End PBXContainerItemProxy section */

/* Begin PBXFileReference section */
		BA6D249323539E93009A1002 /* newSng.app */ = {isa = PBXFileReference; explicitFileType = wrapper.application; includeInIndex = 0; path = newSng.app; sourceTree = BUILT_PRODUCTS_DIR; };
		BA6D249623539E93009A1002 /* AppDelegate.swift */ = {isa = PBXFileReference; lastKnownFileType = sourcecode.swift; path = AppDelegate.swift; sourceTree = "<group>"; };
		BA6D249823539E93009A1002 /* SceneDelegate.swift */ = {isa = PBXFileReference; lastKnownFileType = sourcecode.swift; path = SceneDelegate.swift; sourceTree = "<group>"; };
		BA6D249A23539E93009A1002 /* ViewController.swift */ = {isa = PBXFileReference; lastKnownFileType = sourcecode.swift; path = ViewController.swift; sourceTree = "<group>"; };
		BA6D249D23539E93009A1002 /* Base */ = {isa = PBXFileReference; lastKnownFileType = file.storyboard; name = Base; path = Base.lproj/Main.storyboard; sourceTree = "<group>"; };
		BA6D249F23539E9B009A1002 /* Assets.xcassets */ = {isa = PBXFileReference; lastKnownFileType = folder.assetcatalog; path = Assets.xcassets; sourceTree = "<group>"; };
		BA6D24A223539E9B009A1002 /* Base */ = {isa = PBXFileReference; lastKnownFileType = file.storyboard; name = Base; path = Base.lproj/LaunchScreen.storyboard; sourceTree = "<group>"; };
		BA6D24A423539E9B009A1002 /* Info.plist */ = {isa = PBXFileReference; lastKnownFileType = text.plist.xml; path = Info.plist; sourceTree = "<group>"; };
		BA6D24A923539E9B009A1002 /* newSngTests.xctest */ = {isa = PBXFileReference; explicitFileType = wrapper.cfbundle; includeInIndex = 0; path = newSngTests.xctest; sourceTree = BUILT_PRODUCTS_DIR; };
		BA6D24AD23539E9B009A1002 /* newSngTests.swift */ = {isa = PBXFileReference; lastKnownFileType = sourcecode.swift; path = newSngTests.swift; sourceTree = "<group>"; };
		BA6D24AF23539E9B009A1002 /* Info.plist */ = {isa = PBXFileReference; lastKnownFileType = text.plist.xml; path = Info.plist; sourceTree = "<group>"; };
		BA6D24B423539E9B009A1002 /* newSngUITests.xctest */ = {isa = PBXFileReference; explicitFileType = wrapper.cfbundle; includeInIndex = 0; path = newSngUITests.xctest; sourceTree = BUILT_PRODUCTS_DIR; };
		BA6D24B823539E9B009A1002 /* newSngUITests.swift */ = {isa = PBXFileReference; lastKnownFileType = sourcecode.swift; path = newSngUITests.swift; sourceTree = "<group>"; };
		BA6D24BA23539E9B009A1002 /* Info.plist */ = {isa = PBXFileReference; lastKnownFileType = text.plist.xml; path = Info.plist; sourceTree = "<group>"; };
		BA6D24C62353A2EE009A1002 /* da.bundle */ = {isa = PBXFileReference; lastKnownFileType = "wrapper.plug-in"; path = da.bundle; sourceTree = "<group>"; };
/* End PBXFileReference section */

/* Begin PBXFrameworksBuildPhase section */
		BA6D249023539E93009A1002 /* Frameworks */ = {
			isa = PBXFrameworksBuildPhase;
			buildActionMask = 2147483647;
			files = (
			);
			runOnlyForDeploymentPostprocessing = 0;
		};
		BA6D24A623539E9B009A1002 /* Frameworks */ = {
			isa = PBXFrameworksBuildPhase;
			buildActionMask = 2147483647;
			files = (
			);
			runOnlyForDeploymentPostprocessing = 0;
		};
		BA6D24B123539E9B009A1002 /* Frameworks */ = {
			isa = PBXFrameworksBuildPhase;
			buildActionMask = 2147483647;
			files = (
			);
			runOnlyForDeploymentPostprocessing = 0;
		};
/* End PBXFrameworksBuildPhase section */

/* Begin PBXGroup section */
		BA6D248A23539E92009A1002 = {
			isa = PBXGroup;
			children = (
				BA6D249523539E93009A1002 /* newSng */,
				BA6D24AC23539E9B009A1002 /* newSngTests */,
				BA6D24B723539E9B009A1002 /* newSngUITests */,
				BA6D249423539E93009A1002 /* Products */,
			);
			sourceTree = "<group>";
		};
		BA6D249423539E93009A1002 /* Products */ = {
			isa = PBXGroup;
			children = (
				BA6D249323539E93009A1002 /* newSng.app */,
				BA6D24A923539E9B009A1002 /* newSngTests.xctest */,
				BA6D24B423539E9B009A1002 /* newSngUITests.xctest */,
			);
			name = Products;
			sourceTree = "<group>";
		};
		BA6D249523539E93009A1002 /* newSng */ = {
			isa = PBXGroup;
			children = (
				BA6D24C62353A2EE009A1002 /* da.bundle */,
				BA6D249623539E93009A1002 /* AppDelegate.swift */,
				BA6D249823539E93009A1002 /* SceneDelegate.swift */,
				BA6D249A23539E93009A1002 /* ViewController.swift */,
				BA6D249C23539E93009A1002 /* Main.storyboard */,
				BA6D249F23539E9B009A1002 /* Assets.xcassets */,
				BA6D24A123539E9B009A1002 /* LaunchScreen.storyboard */,
				BA6D24A423539E9B009A1002 /* Info.plist */,
			);
			path = newSng;
			sourceTree = "<group>";
		};
		BA6D24AC23539E9B009A1002 /* newSngTests */ = {
			isa = PBXGroup;
			children = (
				BA6D24AD23539E9B009A1002 /* newSngTests.swift */,
				BA6D24AF23539E9B009A1002 /* Info.plist */,
			);
			path = newSngTests;
			sourceTree = "<group>";
		};
		BA6D24B723539E9B009A1002 /* newSngUITests */ = {
			isa = PBXGroup;
			children = (
				BA6D24B823539E9B009A1002 /* newSngUITests.swift */,
				BA6D24BA23539E9B009A1002 /* Info.plist */,
			);
			path = newSngUITests;
			sourceTree = "<group>";
		};
/* End PBXGroup section */

/* Begin PBXNativeTarget section */
		BA6D249223539E93009A1002 /* newSng */ = {
			isa = PBXNativeTarget;
			buildConfigurationList = BA6D24BD23539E9B009A1002 /* Build configuration list for PBXNativeTarget "newSng" */;
			buildPhases = (
				BA6D248F23539E93009A1002 /* Sources */,
				BA6D249023539E93009A1002 /* Frameworks */,
				BA6D249123539E93009A1002 /* Resources */,
			);
			buildRules = (
			);
			dependencies = (
			);
			name = newSng;
			productName = newSng;
			productReference = BA6D249323539E93009A1002 /* newSng.app */;
			productType = "com.apple.product-type.application";
		};
		BA6D24A823539E9B009A1002 /* newSngTests */ = {
			isa = PBXNativeTarget;
			buildConfigurationList = BA6D24C023539E9B009A1002 /* Build configuration list for PBXNativeTarget "newSngTests" */;
			buildPhases = (
				BA6D24A523539E9B009A1002 /* Sources */,
				BA6D24A623539E9B009A1002 /* Frameworks */,
				BA6D24A723539E9B009A1002 /* Resources */,
			);
			buildRules = (
			);
			dependencies = (
				BA6D24AB23539E9B009A1002 /* PBXTargetDependency */,
			);
			name = newSngTests;
			productName = newSngTests;
			productReference = BA6D24A923539E9B009A1002 /* newSngTests.xctest */;
			productType = "com.apple.product-type.bundle.unit-test";
		};
		BA6D24B323539E9B009A1002 /* newSngUITests */ = {
			isa = PBXNativeTarget;
			buildConfigurationList = BA6D24C323539E9B009A1002 /* Build configuration list for PBXNativeTarget "newSngUITests" */;
			buildPhases = (
				BA6D24B023539E9B009A1002 /* Sources */,
				BA6D24B123539E9B009A1002 /* Frameworks */,
				BA6D24B223539E9B009A1002 /* Resources */,
			);
			buildRules = (
			);
			dependencies = (
				BA6D24B623539E9B009A1002 /* PBXTargetDependency */,
			);
			name = newSngUITests;
			productName = newSngUITests;
			productReference = BA6D24B423539E9B009A1002 /* newSngUITests.xctest */;
			productType = "com.apple.product-type.bundle.ui-testing";
		};
/* End PBXNativeTarget section */

/* Begin PBXProject section */
		BA6D248B23539E93009A1002 /* Project object */ = {
			isa = PBXProject;
			attributes = {
				LastSwiftUpdateCheck = 1110;
				LastUpgradeCheck = 1250;
				ORGANIZATIONNAME = "Akshaya Kumar N";
				TargetAttributes = {
					BA6D249223539E93009A1002 = {
						CreatedOnToolsVersion = 11.1;
					};
					BA6D24A823539E9B009A1002 = {
						CreatedOnToolsVersion = 11.1;
						TestTargetID = BA6D249223539E93009A1002;
					};
					BA6D24B323539E9B009A1002 = {
						CreatedOnToolsVersion = 11.1;
						TestTargetID = BA6D249223539E93009A1002;
					};
				};
			};
			buildConfigurationList = BA6D248E23539E93009A1002 /* Build configuration list for PBXProject "newSng" */;
			compatibilityVersion = "Xcode 9.3";
			developmentRegion = en;
			hasScannedForEncodings = 0;
			knownRegions = (
				en,
				Base,
			);
			mainGroup = BA6D248A23539E92009A1002;
			productRefGroup = BA6D249423539E93009A1002 /* Products */;
			projectDirPath = "";
			projectRoot = "";
			targets = (
				BA6D249223539E93009A1002 /* newSng */,
				BA6D24A823539E9B009A1002 /* newSngTests */,
				BA6D24B323539E9B009A1002 /* newSngUITests */,
			);
		};
/* End PBXProject section */

/* Begin PBXResourcesBuildPhase section */
		BA6D249123539E93009A1002 /* Resources */ = {
			isa = PBXResourcesBuildPhase;
			buildActionMask = 2147483647;
			files = (
				BA6D24A323539E9B009A1002 /* LaunchScreen.storyboard in Resources */,
				BA6D24A023539E9B009A1002 /* Assets.xcassets in Resources */,
				BA6D24C72353A2EF009A1002 /* da.bundle in Resources */,
				BA6D249E23539E93009A1002 /* Main.storyboard in Resources */,
			);
			runOnlyForDeploymentPostprocessing = 0;
		};
		BA6D24A723539E9B009A1002 /* Resources */ = {
			isa = PBXResourcesBuildPhase;
			buildActionMask = 2147483647;
			files = (
			);
			runOnlyForDeploymentPostprocessing = 0;
		};
		BA6D24B223539E9B009A1002 /* Resources */ = {
			isa = PBXResourcesBuildPhase;
			buildActionMask = 2147483647;
			files = (
			);
			runOnlyForDeploymentPostprocessing = 0;
		};
/* End PBXResourcesBuildPhase section */

/* Begin PBXSourcesBuildPhase section */
		BA6D248F23539E93009A1002 /* Sources */ = {
			isa = PBXSourcesBuildPhase;
			buildActionMask = 2147483647;
			files = (
				BA6D249B23539E93009A1002 /* ViewController.swift in Sources */,
				BA6D249723539E93009A1002 /* AppDelegate.swift in Sources */,
				BA6D249923539E93009A1002 /* SceneDelegate.swift in Sources */,
			);
			runOnlyForDeploymentPostprocessing = 0;
		};
		BA6D24A523539E9B009A1002 /* Sources */ = {
			isa = PBXSourcesBuildPhase;
			buildActionMask = 2147483647;
			files = (
				BA6D24AE23539E9B009A1002 /* newSngTests.swift in Sources */,
			);
			runOnlyForDeploymentPostprocessing = 0;
		};
		BA6D24B023539E9B009A1002 /* Sources */ = {
			isa = PBXSourcesBuildPhase;
			buildActionMask = 2147483647;
			files = (
				BA6D24B923539E9B009A1002 /* newSngUITests.swift in Sources */,
			);
			runOnlyForDeploymentPostprocessing = 0;
		};
/* End PBXSourcesBuildPhase section */

/* Begin PBXTargetDependency section */
		BA6D24AB23539E9B009A1002 /* PBXTargetDependency */ = {
			isa = PBXTargetDependency;
			target = BA6D249223539E93009A1002 /* newSng */;
			targetProxy = BA6D24AA23539E9B009A1002 /* PBXContainerItemProxy */;
		};
		BA6D24B623539E9B009A1002 /* PBXTargetDependency */ = {
			isa = PBXTargetDependency;
			target = BA6D249223539E93009A1002 /* newSng */;
			targetProxy = BA6D24B523539E9B009A1002 /* PBXContainerItemProxy */;
		};
/* End PBXTargetDependency section */

/* Begin PBXVariantGroup section */
		BA6D249C23539E93009A1002 /* Main.storyboard */ = {
			isa = PBXVariantGroup;
			children = (
				BA6D249D23539E93009A1002 /* Base */,
			);
			name = Main.storyboard;
			sourceTree = "<group>";
		};
		BA6D24A123539E9B009A1002 /* LaunchScreen.storyboard */ = {
			isa = PBXVariantGroup;
			children = (
				BA6D24A223539E9B009A1002 /* Base */,
			);
			name = LaunchScreen.storyboard;
			sourceTree = "<group>";
		};
/* End PBXVariantGroup section */

/* Begin XCBuildConfiguration section */
		BA6D24BB23539E9B009A1002 /* Debug */ = {
			isa = XCBuildConfiguration;
			buildSettings = {
				ALWAYS_SEARCH_USER_PATHS = NO;
				CLANG_ANALYZER_NONNULL = YES;
				CLANG_ANALYZER_NUMBER_OBJECT_CONVERSION = YES_AGGRESSIVE;
				CLANG_CXX_LANGUAGE_STANDARD = "gnu++14";
				CLANG_CXX_LIBRARY = "libc++";
				CLANG_ENABLE_MODULES = YES;
				CLANG_ENABLE_OBJC_ARC = YES;
				CLANG_ENABLE_OBJC_WEAK = YES;
				CLANG_WARN_BLOCK_CAPTURE_AUTORELEASING = YES;
				CLANG_WARN_BOOL_CONVERSION = YES;
				CLANG_WARN_COMMA = YES;
				CLANG_WARN_CONSTANT_CONVERSION = YES;
				CLANG_WARN_DEPRECATED_OBJC_IMPLEMENTATIONS = YES;
				CLANG_WARN_DIRECT_OBJC_ISA_USAGE = YES_ERROR;
				CLANG_WARN_DOCUMENTATION_COMMENTS = YES;
				CLANG_WARN_EMPTY_BODY = YES;
				CLANG_WARN_ENUM_CONVERSION = YES;
				CLANG_WARN_INFINITE_RECURSION = YES;
				CLANG_WARN_INT_CONVERSION = YES;
				CLANG_WARN_NON_LITERAL_NULL_CONVERSION = YES;
				CLANG_WARN_OBJC_IMPLICIT_RETAIN_SELF = YES;
				CLANG_WARN_OBJC_LITERAL_CONVERSION = YES;
				CLANG_WARN_OBJC_ROOT_CLASS = YES_ERROR;
				CLANG_WARN_QUOTED_INCLUDE_IN_FRAMEWORK_HEADER = YES;
				CLANG_WARN_RANGE_LOOP_ANALYSIS = YES;
				CLANG_WARN_STRICT_PROTOTYPES = YES;
				CLANG_WARN_SUSPICIOUS_MOVE = YES;
				CLANG_WARN_UNGUARDED_AVAILABILITY = YES_AGGRESSIVE;
				CLANG_WARN_UNREACHABLE_CODE = YES;
				CLANG_WARN__DUPLICATE_METHOD_MATCH = YES;
				COPY_PHASE_STRIP = NO;
				DEBUG_INFORMATION_FORMAT = dwarf;
				ENABLE_STRICT_OBJC_MSGSEND = YES;
				ENABLE_TESTABILITY = YES;
				GCC_C_LANGUAGE_STANDARD = gnu11;
				GCC_DYNAMIC_NO_PIC = NO;
				GCC_NO_COMMON_BLOCKS = YES;
				GCC_OPTIMIZATION_LEVEL = 0;
				GCC_PREPROCESSOR_DEFINITIONS = (
					"DEBUG=1",
					"$(inherited)",
				);
				GCC_WARN_64_TO_32_BIT_CONVERSION = YES;
				GCC_WARN_ABOUT_RETURN_TYPE = YES_ERROR;
				GCC_WARN_UNDECLARED_SELECTOR = YES;
				GCC_WARN_UNINITIALIZED_AUTOS = YES_AGGRESSIVE;
				GCC_WARN_UNUSED_FUNCTION = YES;
				GCC_WARN_UNUSED_VARIABLE = YES;
				IPHONEOS_DEPLOYMENT_TARGET = 13.0;
				MTL_ENABLE_DEBUG_INFO = INCLUDE_SOURCE;
				MTL_FAST_MATH = YES;
				ONLY_ACTIVE_ARCH = YES;
				SDKROOT = iphoneos;
				SWIFT_ACTIVE_COMPILATION_CONDITIONS = DEBUG;
				SWIFT_OPTIMIZATION_LEVEL = "-Onone";
			};
			name = Debug;
		};
		BA6D24BC23539E9B009A1002 /* Release */ = {
			isa = XCBuildConfiguration;
			buildSettings = {
				ALWAYS_SEARCH_USER_PATHS = NO;
				CLANG_ANALYZER_NONNULL = YES;
				CLANG_ANALYZER_NUMBER_OBJECT_CONVERSION = YES_AGGRESSIVE;
				CLANG_CXX_LANGUAGE_STANDARD = "gnu++14";
				CLANG_CXX_LIBRARY = "libc++";
				CLANG_ENABLE_MODULES = YES;
				CLANG_ENABLE_OBJC_ARC = YES;
				CLANG_ENABLE_OBJC_WEAK = YES;
				CLANG_WARN_BLOCK_CAPTURE_AUTORELEASING = YES;
				CLANG_WARN_BOOL_CONVERSION = YES;
				CLANG_WARN_COMMA = YES;
				CLANG_WARN_CONSTANT_CONVERSION = YES;
				CLANG_WARN_DEPRECATED_OBJC_IMPLEMENTATIONS = YES;
				CLANG_WARN_DIRECT_OBJC_ISA_USAGE = YES_ERROR;
				CLANG_WARN_DOCUMENTATION_COMMENTS = YES;
				CLANG_WARN_EMPTY_BODY = YES;
				CLANG_WARN_ENUM_CONVERSION = YES;
				CLANG_WARN_INFINITE_RECURSION = YES;
				CLANG_WARN_INT_CONVERSION = YES;
				CLANG_WARN_NON_LITERAL_NULL_CONVERSION = YES;
				CLANG_WARN_OBJC_IMPLICIT_RETAIN_SELF = YES;
				CLANG_WARN_OBJC_LITERAL_CONVERSION = YES;
				CLANG_WARN_OBJC_ROOT_CLASS = YES_ERROR;
				CLANG_WARN_QUOTED_INCLUDE_IN_FRAMEWORK_HEADER = YES;
				CLANG_WARN_RANGE_LOOP_ANALYSIS = YES;
				CLANG_WARN_STRICT_PROTOTYPES = YES;
				CLANG_WARN_SUSPICIOUS_MOVE = YES;
				CLANG_WARN_UNGUARDED_AVAILABILITY = YES_AGGRESSIVE;
				CLANG_WARN_UNREACHABLE_CODE = YES;
				CLANG_WARN__DUPLICATE_METHOD_MATCH = YES;
				COPY_PHASE_STRIP = NO;
				DEBUG_INFORMATION_FORMAT = "dwarf-with-dsym";
				ENABLE_NS_ASSERTIONS = NO;
				ENABLE_STRICT_OBJC_MSGSEND = YES;
				GCC_C_LANGUAGE_STANDARD = gnu11;
				GCC_NO_COMMON_BLOCKS = YES;
				GCC_WARN_64_TO_32_BIT_CONVERSION = YES;
				GCC_WARN_ABOUT_RETURN_TYPE = YES_ERROR;
				GCC_WARN_UNDECLARED_SELECTOR = YES;
				GCC_WARN_UNINITIALIZED_AUTOS = YES_AGGRESSIVE;
				GCC_WARN_UNUSED_FUNCTION = YES;
				GCC_WARN_UNUSED_VARIABLE = YES;
				IPHONEOS_DEPLOYMENT_TARGET = 13.0;
				MTL_ENABLE_DEBUG_INFO = NO;
				MTL_FAST_MATH = YES;
				SDKROOT = iphoneos;
				SWIFT_COMPILATION_MODE = wholemodule;
				SWIFT_OPTIMIZATION_LEVEL = "-O";
				VALIDATE_PRODUCT = YES;
			};
			name = Release;
		};
		BA6D24BE23539E9B009A1002 /* Debug */ = {
			isa = XCBuildConfiguration;
			buildSettings = {
				ASSETCATALOG_COMPILER_APPICON_NAME = AppIcon;
				CODE_SIGN_STYLE = Automatic;
				INFOPLIST_FILE = newSng/Info.plist;
				LD_RUNPATH_SEARCH_PATHS = (
					"$(inherited)",
					"@executable_path/Frameworks",
				);
				PRODUCT_BUNDLE_IDENTIFIER = ak.newSng;
				PRODUCT_NAME = "$(TARGET_NAME)";
				SWIFT_VERSION = 5.0;
				TARGETED_DEVICE_FAMILY = "1,2";
			};
			name = Debug;
		};
		BA6D24BF23539E9B009A1002 /* Release */ = {
			isa = XCBuildConfiguration;
			buildSettings = {
				ASSETCATALOG_COMPILER_APPICON_NAME = AppIcon;
				CODE_SIGN_STYLE = Automatic;
				INFOPLIST_FILE = newSng/Info.plist;
				LD_RUNPATH_SEARCH_PATHS = (
					"$(inherited)",
					"@executable_path/Frameworks",
				);
				PRODUCT_BUNDLE_IDENTIFIER = ak.newSng;
				PRODUCT_NAME = "$(TARGET_NAME)";
				SWIFT_VERSION = 5.0;
				TARGETED_DEVICE_FAMILY = "1,2";
			};
			name = Release;
		};
		BA6D24C123539E9B009A1002 /* Debug */ = {
			isa = XCBuildConfiguration;
			buildSettings = {
				ALWAYS_EMBED_SWIFT_STANDARD_LIBRARIES = YES;
				BUNDLE_LOADER = "$(TEST_HOST)";
				CODE_SIGN_STYLE = Automatic;
				INFOPLIST_FILE = newSngTests/Info.plist;
				IPHONEOS_DEPLOYMENT_TARGET = 13.0;
				LD_RUNPATH_SEARCH_PATHS = (
					"$(inherited)",
					"@executable_path/Frameworks",
					"@loader_path/Frameworks",
				);
				PRODUCT_BUNDLE_IDENTIFIER = ak.newSngTests;
				PRODUCT_NAME = "$(TARGET_NAME)";
				SWIFT_VERSION = 5.0;
				TARGETED_DEVICE_FAMILY = "1,2";
				TEST_HOST = "$(BUILT_PRODUCTS_DIR)/newSng.app/newSng";
			};
			name = Debug;
		};
		BA6D24C223539E9B009A1002 /* Release */ = {
			isa = XCBuildConfiguration;
			buildSettings = {
				ALWAYS_EMBED_SWIFT_STANDARD_LIBRARIES = YES;
				BUNDLE_LOADER = "$(TEST_HOST)";
				CODE_SIGN_STYLE = Automatic;
				INFOPLIST_FILE = newSngTests/Info.plist;
				IPHONEOS_DEPLOYMENT_TARGET = 13.0;
				LD_RUNPATH_SEARCH_PATHS = (
					"$(inherited)",
					"@executable_path/Frameworks",
					"@loader_path/Frameworks",
				);
				PRODUCT_BUNDLE_IDENTIFIER = ak.newSngTests;
				PRODUCT_NAME = "$(TARGET_NAME)";
				SWIFT_VERSION = 5.0;
				TARGETED_DEVICE_FAMILY = "1,2";
				TEST_HOST = "$(BUILT_PRODUCTS_DIR)/newSng.app/newSng";
			};
			name = Release;
		};
		BA6D24C423539E9B009A1002 /* Debug */ = {
			isa = XCBuildConfiguration;
			buildSettings = {
				ALWAYS_EMBED_SWIFT_STANDARD_LIBRARIES = YES;
				CODE_SIGN_STYLE = Automatic;
				INFOPLIST_FILE = newSngUITests/Info.plist;
				LD_RUNPATH_SEARCH_PATHS = (
					"$(inherited)",
					"@executable_path/Frameworks",
					"@loader_path/Frameworks",
				);
				PRODUCT_BUNDLE_IDENTIFIER = ak.newSngUITests;
				PRODUCT_NAME = "$(TARGET_NAME)";
				SWIFT_VERSION = 5.0;
				TARGETED_DEVICE_FAMILY = "1,2";
				TEST_TARGET_NAME = newSng;
			};
			name = Debug;
		};
		BA6D24C523539E9B009A1002 /* Release */ = {
			isa = XCBuildConfiguration;
			buildSettings = {
				ALWAYS_EMBED_SWIFT_STANDARD_LIBRARIES = YES;
				CODE_SIGN_STYLE = Automatic;
				INFOPLIST_FILE = newSngUITests/Info.plist;
				LD_RUNPATH_SEARCH_PATHS = (
					"$(inherited)",
					"@executable_path/Frameworks",
					"@loader_path/Frameworks",
				);
				PRODUCT_BUNDLE_IDENTIFIER = ak.newSngUITests;
				PRODUCT_NAME = "$(TARGET_NAME)";
				SWIFT_VERSION = 5.0;
				TARGETED_DEVICE_FAMILY = "1,2";
				TEST_TARGET_NAME = newSng;
			};
			name = Release;
		};
/* End XCBuildConfiguration section */

/* Begin XCConfigurationList section */
		BA6D248E23539E93009A1002 /* Build configuration list for PBXProject "newSng" */ = {
			isa = XCConfigurationList;
			buildConfigurations = (
				BA6D24BB23539E9B009A1002 /* Debug */,
				BA6D24BC23539E9B009A1002 /* Release */,
			);
			defaultConfigurationIsVisible = 0;
			defaultConfigurationName = Release;
		};
		BA6D24BD23539E9B009A1002 /* Build configuration list for PBXNativeTarget "newSng" */ = {
			isa = XCConfigurationList;
			buildConfigurations = (
				BA6D24BE23539E9B009A1002 /* Debug */,
				BA6D24BF23539E9B009A1002 /* Release */,
			);
			defaultConfigurationIsVisible = 0;
			defaultConfigurationName = Release;
		};
		BA6D24C023539E9B009A1002 /* Build configuration list for PBXNativeTarget "newSngTests" */ = {
			isa = XCConfigurationList;
			buildConfigurations = (
				BA6D24C123539E9B009A1002 /* Debug */,
				BA6D24C223539E9B009A1002 /* Release */,
			);
			defaultConfigurationIsVisible = 0;
			defaultConfigurationName = Release;
		};
		BA6D24C323539E9B009A1002 /* Build configuration list for PBXNativeTarget "newSngUITests" */ = {
			isa = XCConfigurationList;
			buildConfigurations = (
				BA6D24C423539E9B009A1002 /* Debug */,
				BA6D24C523539E9B009A1002 /* Release */,
			);
			defaultConfigurationIsVisible = 0;
			defaultConfigurationName = Release;
		};
/* End XCConfigurationList section */
	};
	rootObject = BA6D248B23539E93009A1002 /* Project object */;
}
